# This file is automatically @generated by Poetry 2.0.1 and should not be changed by hand.

[[package]]
name = "fake-bpy-module-3-6"
version = "20250130"
description = "Collection of the fake Blender Python API module for the code completion."
optional = false
python-versions = ">=3.8"
groups = ["main"]
files = [
    {file = "fake_bpy_module_3.6-20250130-py3-none-any.whl", hash = "sha256:6975db1ec29cb63912fc62953f243b46792f11620b848d1e51bc84a79d032049"},
    {file = "fake_bpy_module_3_6-20250130.tar.gz", hash = "sha256:d3807e9dbd29ef3d8375e371856689e892382f730df40a2a6fc09f4bbc29f341"},
]

[metadata]
lock-version = "2.1"
python-versions = ">=3.10"
content-hash = "9a52663719286731650b48e4b6a2f4c772315d344d29f11b4d2abe0a23a475ed"
